
Microsoft Visual Studio Solution File, Format Version 12.00
# Visual Studio 14
VisualStudioVersion = 14.0.25420.1
MinimumVisualStudioVersion = 10.0.40219.1
Project("{FAE04EC0-301F-11D3-BF4B-00C04F79EFBC}") = "ScheduledTasksLibrary", "ScheduledTasksLibrary\ScheduledTasksLibrary.csproj", "{CC63A79C-CC2B-465F-A977-C9B5536131A7}"
EndProject
Project("{FAE04EC0-301F-11D3-BF4B-00C04F79EFBC}") = "UseScheduledTasks", "UseScheduledTasks\UseScheduledTasks.csproj", "{06855BA6-E689-4D1B-B667-5DFEB71DC128}"
EndProject
Project("{FAE04EC0-301F-11D3-BF4B-00C04F79EFBC}") = "BackupWindowsService", "BackupWindowsService\BackupWindowsService.csproj", "{6824BB82-51C1-4FAC-8615-C1E75BE231B5}"
EndProject
Global
	GlobalSection(SolutionConfigurationPlatforms) = preSolution
		Debug|Any CPU = Debug|Any CPU
		Release|Any CPU = Release|Any CPU
	EndGlobalSection
	GlobalSection(ProjectConfigurationPlatforms) = postSolution
		{CC63A79C-CC2B-465F-A977-C9B5536131A7}.Debug|Any CPU.ActiveCfg = Debug|Any CPU
		{CC63A79C-CC2B-465F-A977-C9B5536131A7}.Debug|Any CPU.Build.0 = Debug|Any CPU
		{CC63A79C-CC2B-465F-A977-C9B5536131A7}.Release|Any CPU.ActiveCfg = Release|Any CPU
		{CC63A79C-CC2B-465F-A977-C9B5536131A7}.Release|Any CPU.Build.0 = Release|Any CPU
		{06855BA6-E689-4D1B-B667-5DFEB71DC128}.Debug|Any CPU.ActiveCfg = Debug|Any CPU
		{06855BA6-E689-4D1B-B667-5DFEB71DC128}.Debug|Any CPU.Build.0 = Debug|Any CPU
		{06855BA6-E689-4D1B-B667-5DFEB71DC128}.Release|Any CPU.ActiveCfg = Release|Any CPU
		{06855BA6-E689-4D1B-B667-5DFEB71DC128}.Release|Any CPU.Build.0 = Release|Any CPU
		{6824BB82-51C1-4FAC-8615-C1E75BE231B5}.Debug|Any CPU.ActiveCfg = Debug|Any CPU
		{6824BB82-51C1-4FAC-8615-C1E75BE231B5}.Debug|Any CPU.Build.0 = Debug|Any CPU
		{6824BB82-51C1-4FAC-8615-C1E75BE231B5}.Release|Any CPU.ActiveCfg = Release|Any CPU
		{6824BB82-51C1-4FAC-8615-C1E75BE231B5}.Release|Any CPU.Build.0 = Release|Any CPU
	EndGlobalSection
	GlobalSection(SolutionProperties) = preSolution
		HideSolutionNode = FALSE
	EndGlobalSection
EndGlobal
